
Microsoft Visual Studio Solution File, Format Version 12.00
# Visual Studio Version 17
VisualStudioVersion = 17.0.31903.59
MinimumVisualStudioVersion = 10.0.40219.1
Project("{FAE04EC0-301F-11D3-BF4B-00C04F79EFBC}") = "Main", "src\Main.csproj", "{2D636B06-A568-4C62-BB85-28452A36B4BB}"
EndProject
Project("{2150E333-8FDC-42A3-9474-1A3956D46DE8}") = "tests", "tests", "{F899E65E-D4A3-4CAA-B1DD-5C0FC2875283}"
EndProject
Project("{FAE04EC0-301F-11D3-BF4B-00C04F79EFBC}") = "Tests.NUnit", "tests\NUnit\Tests.NUnit.csproj", "{CA9E42D2-B31E-44A2-84C2-223133215CA5}"
EndProject
Global
	GlobalSection(SolutionConfigurationPlatforms) = preSolution
		Debug|Any CPU = Debug|Any CPU
		Release|Any CPU = Release|Any CPU
	EndGlobalSection
	GlobalSection(SolutionProperties) = preSolution
		HideSolutionNode = FALSE
	EndGlobalSection
	GlobalSection(ProjectConfigurationPlatforms) = postSolution
		{2D636B06-A568-4C62-BB85-28452A36B4BB}.Debug|Any CPU.ActiveCfg = Debug|Any CPU
		{2D636B06-A568-4C62-BB85-28452A36B4BB}.Debug|Any CPU.Build.0 = Debug|Any CPU
		{2D636B06-A568-4C62-BB85-28452A36B4BB}.Release|Any CPU.ActiveCfg = Release|Any CPU
		{2D636B06-A568-4C62-BB85-28452A36B4BB}.Release|Any CPU.Build.0 = Release|Any CPU
		{CA9E42D2-B31E-44A2-84C2-223133215CA5}.Debug|Any CPU.ActiveCfg = Debug|Any CPU
		{CA9E42D2-B31E-44A2-84C2-223133215CA5}.Debug|Any CPU.Build.0 = Debug|Any CPU
		{CA9E42D2-B31E-44A2-84C2-223133215CA5}.Release|Any CPU.ActiveCfg = Release|Any CPU
		{CA9E42D2-B31E-44A2-84C2-223133215CA5}.Release|Any CPU.Build.0 = Release|Any CPU
	EndGlobalSection
	GlobalSection(NestedProjects) = preSolution
		{CA9E42D2-B31E-44A2-84C2-223133215CA5} = {F899E65E-D4A3-4CAA-B1DD-5C0FC2875283}
	EndGlobalSection
EndGlobal
